// !$*UTF8*$!
{
	archiveVersion = 1;
	classes = {
	};
	objectVersion = 46;
	objects = {

/* Begin PBXBuildFile section */
		01239D3E1D1E2FDE00FC0478 /* AppDelegate.swift in Sources */ = {isa = PBXBuildFile; fileRef = 01239D3D1D1E2FDE00FC0478 /* AppDelegate.swift */; };
		01239D431D1E2FDE00FC0478 /* Main.storyboard in Resources */ = {isa = PBXBuildFile; fileRef = 01239D411D1E2FDE00FC0478 /* Main.storyboard */; };
		01239D451D1E2FDE00FC0478 /* Assets.xcassets in Resources */ = {isa = PBXBuildFile; fileRef = 01239D441D1E2FDE00FC0478 /* Assets.xcassets */; };
		01239D481D1E2FDE00FC0478 /* LaunchScreen.storyboard in Resources */ = {isa = PBXBuildFile; fileRef = 01239D461D1E2FDE00FC0478 /* LaunchScreen.storyboard */; };
		01239D531D1E2FDE00FC0478 /* CarEasyAppTests.swift in Sources */ = {isa = PBXBuildFile; fileRef = 01239D521D1E2FDE00FC0478 /* CarEasyAppTests.swift */; };
		01239D5E1D1E2FDE00FC0478 /* CarEasyAppUITests.swift in Sources */ = {isa = PBXBuildFile; fileRef = 01239D5D1D1E2FDE00FC0478 /* CarEasyAppUITests.swift */; };
		01239D761D1E322400FC0478 /* libCarEasyAppsSDK.a in Frameworks */ = {isa = PBXBuildFile; fileRef = 01239D751D1E322400FC0478 /* libCarEasyAppsSDK.a */; };
		BB2FF4FA1D1E425E002FF55C /* CarManager.swift in Sources */ = {isa = PBXBuildFile; fileRef = BB2FF4F91D1E425E002FF55C /* CarManager.swift */; };
		BB46A3421D1E753F00B9A637 /* AuthViewModelProtocol.swift in Sources */ = {isa = PBXBuildFile; fileRef = BB46A3411D1E753F00B9A637 /* AuthViewModelProtocol.swift */; };
		BB46A3441D1E755000B9A637 /* AuthViewModel.swift in Sources */ = {isa = PBXBuildFile; fileRef = BB46A3431D1E755000B9A637 /* AuthViewModel.swift */; };
		BB46A3461D1E767700B9A637 /* AuthCoordinator.swift in Sources */ = {isa = PBXBuildFile; fileRef = BB46A3451D1E767700B9A637 /* AuthCoordinator.swift */; };
		BB46A3481D1E76A600B9A637 /* ViewModel.swift in Sources */ = {isa = PBXBuildFile; fileRef = BB46A3471D1E76A600B9A637 /* ViewModel.swift */; };
		BB46A34A1D1E77B700B9A637 /* UIViewControllerExtensions.swift in Sources */ = {isa = PBXBuildFile; fileRef = BB46A3491D1E77B700B9A637 /* UIViewControllerExtensions.swift */; };
		BB46A34C1D1E7D1400B9A637 /* FeatureCoordinator.swift in Sources */ = {isa = PBXBuildFile; fileRef = BB46A34B1D1E7D1400B9A637 /* FeatureCoordinator.swift */; };
		BB46A34E1D1E80AB00B9A637 /* FeatureViewModel.swift in Sources */ = {isa = PBXBuildFile; fileRef = BB46A34D1D1E80AB00B9A637 /* FeatureViewModel.swift */; };
		BB46A3501D1E80CE00B9A637 /* FeatureViewModelProtocol.swift in Sources */ = {isa = PBXBuildFile; fileRef = BB46A34F1D1E80CE00B9A637 /* FeatureViewModelProtocol.swift */; };
		BB46A3531D1E8B3D00B9A637 /* PanelAuthentificationView.swift in Sources */ = {isa = PBXBuildFile; fileRef = BB46A3521D1E8B3D00B9A637 /* PanelAuthentificationView.swift */; };
		BB46A3551D1E8B5300B9A637 /* PanelAuthentificationView.xib in Resources */ = {isa = PBXBuildFile; fileRef = BB46A3541D1E8B5300B9A637 /* PanelAuthentificationView.xib */; };
		BB46A3581D1EC28700B9A637 /* FeatureTableViewCell.swift in Sources */ = {isa = PBXBuildFile; fileRef = BB46A3561D1EC28700B9A637 /* FeatureTableViewCell.swift */; };
		BB46A3591D1EC28700B9A637 /* FeatureTableViewCell.xib in Resources */ = {isa = PBXBuildFile; fileRef = BB46A3571D1EC28700B9A637 /* FeatureTableViewCell.xib */; };
		BB46A35C1D1EC35700B9A637 /* Feature.swift in Sources */ = {isa = PBXBuildFile; fileRef = BB46A35B1D1EC35700B9A637 /* Feature.swift */; };
		BB46A3601D1ED6A000B9A637 /* Permission.swift in Sources */ = {isa = PBXBuildFile; fileRef = BB46A35F1D1ED6A000B9A637 /* Permission.swift */; };
		BBDCCD361D1E5C2F00B39961 /* CarEasyAPI.swift in Sources */ = {isa = PBXBuildFile; fileRef = BBDCCD351D1E5C2F00B39961 /* CarEasyAPI.swift */; };
		BBDCCD381D1E5C9C00B39961 /* AuthViewController.swift in Sources */ = {isa = PBXBuildFile; fileRef = BBDCCD371D1E5C9C00B39961 /* AuthViewController.swift */; };
		BBDCCD3A1D1E5D2200B39961 /* FeaturesViewController.swift in Sources */ = {isa = PBXBuildFile; fileRef = BBDCCD391D1E5D2200B39961 /* FeaturesViewController.swift */; };
		BBDCCD401D1E736600B39961 /* AppCoordinator.swift in Sources */ = {isa = PBXBuildFile; fileRef = BBDCCD3F1D1E736600B39961 /* AppCoordinator.swift */; };
		BBDCCD431D1E744900B39961 /* Coordinator.swift in Sources */ = {isa = PBXBuildFile; fileRef = BBDCCD421D1E744900B39961 /* Coordinator.swift */; };
		FC6096302395A25B90CCE2BE /* Pods_CarEasyApp.framework in Frameworks */ = {isa = PBXBuildFile; fileRef = 562CC0CFAB49346FB30464F5 /* Pods_CarEasyApp.framework */; };
/* End PBXBuildFile section */

/* Begin PBXContainerItemProxy section */
		01239D4F1D1E2FDE00FC0478 /* PBXContainerItemProxy */ = {
			isa = PBXContainerItemProxy;
			containerPortal = 01239D321D1E2FDE00FC0478 /* Project object */;
			proxyType = 1;
			remoteGlobalIDString = 01239D391D1E2FDE00FC0478;
			remoteInfo = CarEasyApp;
		};
		01239D5A1D1E2FDE00FC0478 /* PBXContainerItemProxy */ = {
			isa = PBXContainerItemProxy;
			containerPortal = 01239D321D1E2FDE00FC0478 /* Project object */;
			proxyType = 1;
			remoteGlobalIDString = 01239D391D1E2FDE00FC0478;
			remoteInfo = CarEasyApp;
		};
/* End PBXContainerItemProxy section */

/* Begin PBXFileReference section */
		01239D3A1D1E2FDE00FC0478 /* CarEasyApp.app */ = {isa = PBXFileReference; explicitFileType = wrapper.application; includeInIndex = 0; path = CarEasyApp.app; sourceTree = BUILT_PRODUCTS_DIR; };
		01239D3D1D1E2FDE00FC0478 /* AppDelegate.swift */ = {isa = PBXFileReference; lastKnownFileType = sourcecode.swift; path = AppDelegate.swift; sourceTree = "<group>"; };
		01239D421D1E2FDE00FC0478 /* Base */ = {isa = PBXFileReference; lastKnownFileType = file.storyboard; name = Base; path = Base.lproj/Main.storyboard; sourceTree = "<group>"; };
		01239D441D1E2FDE00FC0478 /* Assets.xcassets */ = {isa = PBXFileReference; lastKnownFileType = folder.assetcatalog; path = Assets.xcassets; sourceTree = "<group>"; };
		01239D471D1E2FDE00FC0478 /* Base */ = {isa = PBXFileReference; lastKnownFileType = file.storyboard; name = Base; path = Base.lproj/LaunchScreen.storyboard; sourceTree = "<group>"; };
		01239D491D1E2FDE00FC0478 /* Info.plist */ = {isa = PBXFileReference; lastKnownFileType = text.plist.xml; path = Info.plist; sourceTree = "<group>"; };
		01239D4E1D1E2FDE00FC0478 /* CarEasyAppTests.xctest */ = {isa = PBXFileReference; explicitFileType = wrapper.cfbundle; includeInIndex = 0; path = CarEasyAppTests.xctest; sourceTree = BUILT_PRODUCTS_DIR; };
		01239D521D1E2FDE00FC0478 /* CarEasyAppTests.swift */ = {isa = PBXFileReference; lastKnownFileType = sourcecode.swift; path = CarEasyAppTests.swift; sourceTree = "<group>"; };
		01239D541D1E2FDE00FC0478 /* Info.plist */ = {isa = PBXFileReference; lastKnownFileType = text.plist.xml; path = Info.plist; sourceTree = "<group>"; };
		01239D591D1E2FDE00FC0478 /* CarEasyAppUITests.xctest */ = {isa = PBXFileReference; explicitFileType = wrapper.cfbundle; includeInIndex = 0; path = CarEasyAppUITests.xctest; sourceTree = BUILT_PRODUCTS_DIR; };
		01239D5D1D1E2FDE00FC0478 /* CarEasyAppUITests.swift */ = {isa = PBXFileReference; lastKnownFileType = sourcecode.swift; path = CarEasyAppUITests.swift; sourceTree = "<group>"; };
		01239D5F1D1E2FDE00FC0478 /* Info.plist */ = {isa = PBXFileReference; lastKnownFileType = text.plist.xml; path = Info.plist; sourceTree = "<group>"; };
		01239D741D1E312F00FC0478 /* Bridge-SDK.h */ = {isa = PBXFileReference; lastKnownFileType = sourcecode.c.h; path = "Bridge-SDK.h"; sourceTree = "<group>"; };
		01239D751D1E322400FC0478 /* libCarEasyAppsSDK.a */ = {isa = PBXFileReference; lastKnownFileType = archive.ar; path = libCarEasyAppsSDK.a; sourceTree = "<group>"; };
		01239D771D1E322E00FC0478 /* CEACoreCar.h */ = {isa = PBXFileReference; fileEncoding = 4; lastKnownFileType = sourcecode.c.h; path = CEACoreCar.h; sourceTree = "<group>"; };
		01239D781D1E322E00FC0478 /* CEARequestCode.h */ = {isa = PBXFileReference; fileEncoding = 4; lastKnownFileType = sourcecode.c.h; path = CEARequestCode.h; sourceTree = "<group>"; };
		01239D791D1E322E00FC0478 /* CoreCarSignals.h */ = {isa = PBXFileReference; fileEncoding = 4; lastKnownFileType = sourcecode.c.h; path = CoreCarSignals.h; sourceTree = "<group>"; };
		562CC0CFAB49346FB30464F5 /* Pods_CarEasyApp.framework */ = {isa = PBXFileReference; explicitFileType = wrapper.framework; includeInIndex = 0; path = Pods_CarEasyApp.framework; sourceTree = BUILT_PRODUCTS_DIR; };
		BB2FF4F91D1E425E002FF55C /* CarManager.swift */ = {isa = PBXFileReference; fileEncoding = 4; lastKnownFileType = sourcecode.swift; path = CarManager.swift; sourceTree = "<group>"; };
		BB46A3411D1E753F00B9A637 /* AuthViewModelProtocol.swift */ = {isa = PBXFileReference; fileEncoding = 4; lastKnownFileType = sourcecode.swift; path = AuthViewModelProtocol.swift; sourceTree = "<group>"; };
		BB46A3431D1E755000B9A637 /* AuthViewModel.swift */ = {isa = PBXFileReference; fileEncoding = 4; lastKnownFileType = sourcecode.swift; path = AuthViewModel.swift; sourceTree = "<group>"; };
		BB46A3451D1E767700B9A637 /* AuthCoordinator.swift */ = {isa = PBXFileReference; fileEncoding = 4; lastKnownFileType = sourcecode.swift; path = AuthCoordinator.swift; sourceTree = "<group>"; };
		BB46A3471D1E76A600B9A637 /* ViewModel.swift */ = {isa = PBXFileReference; fileEncoding = 4; lastKnownFileType = sourcecode.swift; path = ViewModel.swift; sourceTree = "<group>"; };
		BB46A3491D1E77B700B9A637 /* UIViewControllerExtensions.swift */ = {isa = PBXFileReference; fileEncoding = 4; lastKnownFileType = sourcecode.swift; path = UIViewControllerExtensions.swift; sourceTree = "<group>"; };
		BB46A34B1D1E7D1400B9A637 /* FeatureCoordinator.swift */ = {isa = PBXFileReference; fileEncoding = 4; lastKnownFileType = sourcecode.swift; path = FeatureCoordinator.swift; sourceTree = "<group>"; };
		BB46A34D1D1E80AB00B9A637 /* FeatureViewModel.swift */ = {isa = PBXFileReference; fileEncoding = 4; lastKnownFileType = sourcecode.swift; path = FeatureViewModel.swift; sourceTree = "<group>"; };
		BB46A34F1D1E80CE00B9A637 /* FeatureViewModelProtocol.swift */ = {isa = PBXFileReference; fileEncoding = 4; lastKnownFileType = sourcecode.swift; path = FeatureViewModelProtocol.swift; sourceTree = "<group>"; };
		BB46A3521D1E8B3D00B9A637 /* PanelAuthentificationView.swift */ = {isa = PBXFileReference; fileEncoding = 4; lastKnownFileType = sourcecode.swift; path = PanelAuthentificationView.swift; sourceTree = "<group>"; };
		BB46A3541D1E8B5300B9A637 /* PanelAuthentificationView.xib */ = {isa = PBXFileReference; fileEncoding = 4; lastKnownFileType = file.xib; path = PanelAuthentificationView.xib; sourceTree = "<group>"; };
		BB46A3561D1EC28700B9A637 /* FeatureTableViewCell.swift */ = {isa = PBXFileReference; fileEncoding = 4; lastKnownFileType = sourcecode.swift; path = FeatureTableViewCell.swift; sourceTree = "<group>"; };
		BB46A3571D1EC28700B9A637 /* FeatureTableViewCell.xib */ = {isa = PBXFileReference; fileEncoding = 4; lastKnownFileType = file.xib; path = FeatureTableViewCell.xib; sourceTree = "<group>"; };
		BB46A35B1D1EC35700B9A637 /* Feature.swift */ = {isa = PBXFileReference; fileEncoding = 4; lastKnownFileType = sourcecode.swift; path = Feature.swift; sourceTree = "<group>"; };
		BB46A35F1D1ED6A000B9A637 /* Permission.swift */ = {isa = PBXFileReference; fileEncoding = 4; lastKnownFileType = sourcecode.swift; path = Permission.swift; sourceTree = "<group>"; };
		BBDCCD351D1E5C2F00B39961 /* CarEasyAPI.swift */ = {isa = PBXFileReference; fileEncoding = 4; lastKnownFileType = sourcecode.swift; path = CarEasyAPI.swift; sourceTree = "<group>"; };
		BBDCCD371D1E5C9C00B39961 /* AuthViewController.swift */ = {isa = PBXFileReference; fileEncoding = 4; lastKnownFileType = sourcecode.swift; path = AuthViewController.swift; sourceTree = "<group>"; };
		BBDCCD391D1E5D2200B39961 /* FeaturesViewController.swift */ = {isa = PBXFileReference; fileEncoding = 4; lastKnownFileType = sourcecode.swift; path = FeaturesViewController.swift; sourceTree = "<group>"; };
		BBDCCD3F1D1E736600B39961 /* AppCoordinator.swift */ = {isa = PBXFileReference; fileEncoding = 4; lastKnownFileType = sourcecode.swift; path = AppCoordinator.swift; sourceTree = "<group>"; };
		BBDCCD421D1E744900B39961 /* Coordinator.swift */ = {isa = PBXFileReference; fileEncoding = 4; lastKnownFileType = sourcecode.swift; path = Coordinator.swift; sourceTree = "<group>"; };
		D3003E89A4AC8B4A87121A77 /* Pods-CarEasyApp.debug.xcconfig */ = {isa = PBXFileReference; includeInIndex = 1; lastKnownFileType = text.xcconfig; name = "Pods-CarEasyApp.debug.xcconfig"; path = "Pods/Target Support Files/Pods-CarEasyApp/Pods-CarEasyApp.debug.xcconfig"; sourceTree = "<group>"; };
		E8C87A49492C005887FE9FE3 /* Pods-CarEasyApp.release.xcconfig */ = {isa = PBXFileReference; includeInIndex = 1; lastKnownFileType = text.xcconfig; name = "Pods-CarEasyApp.release.xcconfig"; path = "Pods/Target Support Files/Pods-CarEasyApp/Pods-CarEasyApp.release.xcconfig"; sourceTree = "<group>"; };
/* End PBXFileReference section */

/* Begin PBXFrameworksBuildPhase section */
		01239D371D1E2FDE00FC0478 /* Frameworks */ = {
			isa = PBXFrameworksBuildPhase;
			buildActionMask = 2147483647;
			files = (
				01239D761D1E322400FC0478 /* libCarEasyAppsSDK.a in Frameworks */,
				FC6096302395A25B90CCE2BE /* Pods_CarEasyApp.framework in Frameworks */,
			);
			runOnlyForDeploymentPostprocessing = 0;
		};
		01239D4B1D1E2FDE00FC0478 /* Frameworks */ = {
			isa = PBXFrameworksBuildPhase;
			buildActionMask = 2147483647;
			files = (
			);
			runOnlyForDeploymentPostprocessing = 0;
		};
		01239D561D1E2FDE00FC0478 /* Frameworks */ = {
			isa = PBXFrameworksBuildPhase;
			buildActionMask = 2147483647;
			files = (
			);
			runOnlyForDeploymentPostprocessing = 0;
		};
/* End PBXFrameworksBuildPhase section */

/* Begin PBXGroup section */
		01239D311D1E2FDE00FC0478 = {
			isa = PBXGroup;
			children = (
				01239D3C1D1E2FDE00FC0478 /* CarEasyApp */,
				01239D511D1E2FDE00FC0478 /* CarEasyAppTests */,
				01239D5C1D1E2FDE00FC0478 /* CarEasyAppUITests */,
				01239D3B1D1E2FDE00FC0478 /* Products */,
				3735D10A3212F1609EE371E4 /* Pods */,
				BCDA287D9823D0EF0CD786F6 /* Frameworks */,
			);
			sourceTree = "<group>";
		};
		01239D3B1D1E2FDE00FC0478 /* Products */ = {
			isa = PBXGroup;
			children = (
				01239D3A1D1E2FDE00FC0478 /* CarEasyApp.app */,
				01239D4E1D1E2FDE00FC0478 /* CarEasyAppTests.xctest */,
				01239D591D1E2FDE00FC0478 /* CarEasyAppUITests.xctest */,
			);
			name = Products;
			sourceTree = "<group>";
		};
		01239D3C1D1E2FDE00FC0478 /* CarEasyApp */ = {
			isa = PBXGroup;
			children = (
				BB46A3491D1E77B700B9A637 /* UIViewControllerExtensions.swift */,
				BB46A35A1D1EC34100B9A637 /* Model */,
				BB46A3511D1E8A5200B9A637 /* View */,
				BBDCCD411D1E743C00B39961 /* Coordinators */,
				01239D6E1D1E304A00FC0478 /* SDK */,
				BBDCCD3C1D1E733A00B39961 /* Network */,
				BBDCCD3E1D1E734700B39961 /* View models */,
				BBDCCD3B1D1E732C00B39961 /* View Controllers */,
				BB2FF4F91D1E425E002FF55C /* CarManager.swift */,
				01239D3D1D1E2FDE00FC0478 /* AppDelegate.swift */,
				01239D411D1E2FDE00FC0478 /* Main.storyboard */,
				01239D441D1E2FDE00FC0478 /* Assets.xcassets */,
				01239D461D1E2FDE00FC0478 /* LaunchScreen.storyboard */,
				01239D491D1E2FDE00FC0478 /* Info.plist */,
			);
			path = CarEasyApp;
			sourceTree = "<group>";
		};
		01239D511D1E2FDE00FC0478 /* CarEasyAppTests */ = {
			isa = PBXGroup;
			children = (
				01239D521D1E2FDE00FC0478 /* CarEasyAppTests.swift */,
				01239D541D1E2FDE00FC0478 /* Info.plist */,
			);
			path = CarEasyAppTests;
			sourceTree = "<group>";
		};
		01239D5C1D1E2FDE00FC0478 /* CarEasyAppUITests */ = {
			isa = PBXGroup;
			children = (
				01239D5D1D1E2FDE00FC0478 /* CarEasyAppUITests.swift */,
				01239D5F1D1E2FDE00FC0478 /* Info.plist */,
			);
			path = CarEasyAppUITests;
			sourceTree = "<group>";
		};
		01239D6E1D1E304A00FC0478 /* SDK */ = {
			isa = PBXGroup;
			children = (
				01239D751D1E322400FC0478 /* libCarEasyAppsSDK.a */,
				01239D771D1E322E00FC0478 /* CEACoreCar.h */,
				01239D781D1E322E00FC0478 /* CEARequestCode.h */,
				01239D791D1E322E00FC0478 /* CoreCarSignals.h */,
				01239D741D1E312F00FC0478 /* Bridge-SDK.h */,
			);
			name = SDK;
			sourceTree = "<group>";
		};
		3735D10A3212F1609EE371E4 /* Pods */ = {
			isa = PBXGroup;
			children = (
				D3003E89A4AC8B4A87121A77 /* Pods-CarEasyApp.debug.xcconfig */,
				E8C87A49492C005887FE9FE3 /* Pods-CarEasyApp.release.xcconfig */,
			);
			name = Pods;
			sourceTree = "<group>";
		};
		BB46A3511D1E8A5200B9A637 /* View */ = {
			isa = PBXGroup;
			children = (
				BB46A3521D1E8B3D00B9A637 /* PanelAuthentificationView.swift */,
				BB46A3541D1E8B5300B9A637 /* PanelAuthentificationView.xib */,
				BB46A3561D1EC28700B9A637 /* FeatureTableViewCell.swift */,
				BB46A3571D1EC28700B9A637 /* FeatureTableViewCell.xib */,
			);
			name = View;
			sourceTree = "<group>";
		};
		BB46A35A1D1EC34100B9A637 /* Model */ = {
			isa = PBXGroup;
			children = (
				BB46A35B1D1EC35700B9A637 /* Feature.swift */,
				BB46A35F1D1ED6A000B9A637 /* Permission.swift */,
			);
			name = Model;
			sourceTree = "<group>";
		};
		BBDCCD3B1D1E732C00B39961 /* View Controllers */ = {
			isa = PBXGroup;
			children = (
				BBDCCD371D1E5C9C00B39961 /* AuthViewController.swift */,
				BBDCCD391D1E5D2200B39961 /* FeaturesViewController.swift */,
			);
			name = "View Controllers";
			sourceTree = "<group>";
		};
		BBDCCD3C1D1E733A00B39961 /* Network */ = {
			isa = PBXGroup;
			children = (
				BBDCCD351D1E5C2F00B39961 /* CarEasyAPI.swift */,
			);
			name = Network;
			sourceTree = "<group>";
		};
		BBDCCD3E1D1E734700B39961 /* View models */ = {
			isa = PBXGroup;
			children = (
				BB46A3411D1E753F00B9A637 /* AuthViewModelProtocol.swift */,
				BB46A34F1D1E80CE00B9A637 /* FeatureViewModelProtocol.swift */,
				BB46A3431D1E755000B9A637 /* AuthViewModel.swift */,
				BB46A3471D1E76A600B9A637 /* ViewModel.swift */,
				BB46A34D1D1E80AB00B9A637 /* FeatureViewModel.swift */,
			);
			name = "View models";
			sourceTree = "<group>";
		};
		BBDCCD411D1E743C00B39961 /* Coordinators */ = {
			isa = PBXGroup;
			children = (
				BBDCCD3F1D1E736600B39961 /* AppCoordinator.swift */,
				BB46A3451D1E767700B9A637 /* AuthCoordinator.swift */,
				BB46A34B1D1E7D1400B9A637 /* FeatureCoordinator.swift */,
				BBDCCD421D1E744900B39961 /* Coordinator.swift */,
			);
			name = Coordinators;
			sourceTree = "<group>";
		};
		BCDA287D9823D0EF0CD786F6 /* Frameworks */ = {
			isa = PBXGroup;
			children = (
				562CC0CFAB49346FB30464F5 /* Pods_CarEasyApp.framework */,
			);
			name = Frameworks;
			sourceTree = "<group>";
		};
/* End PBXGroup section */

/* Begin PBXNativeTarget section */
		01239D391D1E2FDE00FC0478 /* CarEasyApp */ = {
			isa = PBXNativeTarget;
			buildConfigurationList = 01239D621D1E2FDE00FC0478 /* Build configuration list for PBXNativeTarget "CarEasyApp" */;
			buildPhases = (
				44D4031DF66BEDA9D1AFEDFE /* Check Pods Manifest.lock */,
				01239D361D1E2FDE00FC0478 /* Sources */,
				01239D371D1E2FDE00FC0478 /* Frameworks */,
				01239D381D1E2FDE00FC0478 /* Resources */,
				C6229BAC7A3615E7EE491CCB /* Embed Pods Frameworks */,
				61F416CB4C0DCE20D798802B /* Copy Pods Resources */,
			);
			buildRules = (
			);
			dependencies = (
			);
			name = CarEasyApp;
			productName = CarEasyApp;
			productReference = 01239D3A1D1E2FDE00FC0478 /* CarEasyApp.app */;
			productType = "com.apple.product-type.application";
		};
		01239D4D1D1E2FDE00FC0478 /* CarEasyAppTests */ = {
			isa = PBXNativeTarget;
			buildConfigurationList = 01239D651D1E2FDE00FC0478 /* Build configuration list for PBXNativeTarget "CarEasyAppTests" */;
			buildPhases = (
				01239D4A1D1E2FDE00FC0478 /* Sources */,
				01239D4B1D1E2FDE00FC0478 /* Frameworks */,
				01239D4C1D1E2FDE00FC0478 /* Resources */,
			);
			buildRules = (
			);
			dependencies = (
				01239D501D1E2FDE00FC0478 /* PBXTargetDependency */,
			);
			name = CarEasyAppTests;
			productName = CarEasyAppTests;
			productReference = 01239D4E1D1E2FDE00FC0478 /* CarEasyAppTests.xctest */;
			productType = "com.apple.product-type.bundle.unit-test";
		};
		01239D581D1E2FDE00FC0478 /* CarEasyAppUITests */ = {
			isa = PBXNativeTarget;
			buildConfigurationList = 01239D681D1E2FDE00FC0478 /* Build configuration list for PBXNativeTarget "CarEasyAppUITests" */;
			buildPhases = (
				01239D551D1E2FDE00FC0478 /* Sources */,
				01239D561D1E2FDE00FC0478 /* Frameworks */,
				01239D571D1E2FDE00FC0478 /* Resources */,
			);
			buildRules = (
			);
			dependencies = (
				01239D5B1D1E2FDE00FC0478 /* PBXTargetDependency */,
			);
			name = CarEasyAppUITests;
			productName = CarEasyAppUITests;
			productReference = 01239D591D1E2FDE00FC0478 /* CarEasyAppUITests.xctest */;
			productType = "com.apple.product-type.bundle.ui-testing";
		};
/* End PBXNativeTarget section */

/* Begin PBXProject section */
		01239D321D1E2FDE00FC0478 /* Project object */ = {
			isa = PBXProject;
			attributes = {
				LastSwiftUpdateCheck = 0730;
				LastUpgradeCheck = 0730;
				ORGANIZATIONNAME = "王笛iOS.Inc";
				TargetAttributes = {
					01239D391D1E2FDE00FC0478 = {
						CreatedOnToolsVersion = 7.3.1;
						DevelopmentTeam = 44Q2J6374R;
					};
					01239D4D1D1E2FDE00FC0478 = {
						CreatedOnToolsVersion = 7.3.1;
						DevelopmentTeam = NUBREAZ25J;
						TestTargetID = 01239D391D1E2FDE00FC0478;
					};
					01239D581D1E2FDE00FC0478 = {
						CreatedOnToolsVersion = 7.3.1;
						DevelopmentTeam = NUBREAZ25J;
						TestTargetID = 01239D391D1E2FDE00FC0478;
					};
				};
			};
			buildConfigurationList = 01239D351D1E2FDE00FC0478 /* Build configuration list for PBXProject "CarEasyApp" */;
			compatibilityVersion = "Xcode 3.2";
			developmentRegion = English;
			hasScannedForEncodings = 0;
			knownRegions = (
				en,
				Base,
			);
			mainGroup = 01239D311D1E2FDE00FC0478;
			productRefGroup = 01239D3B1D1E2FDE00FC0478 /* Products */;
			projectDirPath = "";
			projectRoot = "";
			targets = (
				01239D391D1E2FDE00FC0478 /* CarEasyApp */,
				01239D4D1D1E2FDE00FC0478 /* CarEasyAppTests */,
				01239D581D1E2FDE00FC0478 /* CarEasyAppUITests */,
			);
		};
/* End PBXProject section */

/* Begin PBXResourcesBuildPhase section */
		01239D381D1E2FDE00FC0478 /* Resources */ = {
			isa = PBXResourcesBuildPhase;
			buildActionMask = 2147483647;
			files = (
				BB46A3551D1E8B5300B9A637 /* PanelAuthentificationView.xib in Resources */,
				01239D481D1E2FDE00FC0478 /* LaunchScreen.storyboard in Resources */,
				BB46A3591D1EC28700B9A637 /* FeatureTableViewCell.xib in Resources */,
				01239D451D1E2FDE00FC0478 /* Assets.xcassets in Resources */,
				01239D431D1E2FDE00FC0478 /* Main.storyboard in Resources */,
			);
			runOnlyForDeploymentPostprocessing = 0;
		};
		01239D4C1D1E2FDE00FC0478 /* Resources */ = {
			isa = PBXResourcesBuildPhase;
			buildActionMask = 2147483647;
			files = (
			);
			runOnlyForDeploymentPostprocessing = 0;
		};
		01239D571D1E2FDE00FC0478 /* Resources */ = {
			isa = PBXResourcesBuildPhase;
			buildActionMask = 2147483647;
			files = (
			);
			runOnlyForDeploymentPostprocessing = 0;
		};
/* End PBXResourcesBuildPhase section */

/* Begin PBXShellScriptBuildPhase section */
		44D4031DF66BEDA9D1AFEDFE /* Check Pods Manifest.lock */ = {
			isa = PBXShellScriptBuildPhase;
			buildActionMask = 2147483647;
			files = (
			);
			inputPaths = (
			);
			name = "Check Pods Manifest.lock";
			outputPaths = (
			);
			runOnlyForDeploymentPostprocessing = 0;
			shellPath = /bin/sh;
			shellScript = "diff \"${PODS_ROOT}/../Podfile.lock\" \"${PODS_ROOT}/Manifest.lock\" > /dev/null\nif [[ $? != 0 ]] ; then\n    cat << EOM\nerror: The sandbox is not in sync with the Podfile.lock. Run 'pod install' or update your CocoaPods installation.\nEOM\n    exit 1\nfi\n";
			showEnvVarsInLog = 0;
		};
		61F416CB4C0DCE20D798802B /* Copy Pods Resources */ = {
			isa = PBXShellScriptBuildPhase;
			buildActionMask = 2147483647;
			files = (
			);
			inputPaths = (
			);
			name = "Copy Pods Resources";
			outputPaths = (
			);
			runOnlyForDeploymentPostprocessing = 0;
			shellPath = /bin/sh;
			shellScript = "\"${SRCROOT}/Pods/Target Support Files/Pods-CarEasyApp/Pods-CarEasyApp-resources.sh\"\n";
			showEnvVarsInLog = 0;
		};
		C6229BAC7A3615E7EE491CCB /* Embed Pods Frameworks */ = {
			isa = PBXShellScriptBuildPhase;
			buildActionMask = 2147483647;
			files = (
			);
			inputPaths = (
			);
			name = "Embed Pods Frameworks";
			outputPaths = (
			);
			runOnlyForDeploymentPostprocessing = 0;
			shellPath = /bin/sh;
			shellScript = "\"${SRCROOT}/Pods/Target Support Files/Pods-CarEasyApp/Pods-CarEasyApp-frameworks.sh\"\n";
			showEnvVarsInLog = 0;
		};
/* End PBXShellScriptBuildPhase section */

/* Begin PBXSourcesBuildPhase section */
		01239D361D1E2FDE00FC0478 /* Sources */ = {
			isa = PBXSourcesBuildPhase;
			buildActionMask = 2147483647;
			files = (
				BB46A3461D1E767700B9A637 /* AuthCoordinator.swift in Sources */,
				BB46A3581D1EC28700B9A637 /* FeatureTableViewCell.swift in Sources */,
				BBDCCD401D1E736600B39961 /* AppCoordinator.swift in Sources */,
				BB46A3601D1ED6A000B9A637 /* Permission.swift in Sources */,
				BBDCCD3A1D1E5D2200B39961 /* FeaturesViewController.swift in Sources */,
				BB46A34C1D1E7D1400B9A637 /* FeatureCoordinator.swift in Sources */,
				BB46A3531D1E8B3D00B9A637 /* PanelAuthentificationView.swift in Sources */,
				BB46A35C1D1EC35700B9A637 /* Feature.swift in Sources */,
				BB46A3481D1E76A600B9A637 /* ViewModel.swift in Sources */,
				BB46A34A1D1E77B700B9A637 /* UIViewControllerExtensions.swift in Sources */,
				BBDCCD381D1E5C9C00B39961 /* AuthViewController.swift in Sources */,
				BBDCCD361D1E5C2F00B39961 /* CarEasyAPI.swift in Sources */,
				BB2FF4FA1D1E425E002FF55C /* CarManager.swift in Sources */,
				BB46A34E1D1E80AB00B9A637 /* FeatureViewModel.swift in Sources */,
				01239D3E1D1E2FDE00FC0478 /* AppDelegate.swift in Sources */,
				BB46A3501D1E80CE00B9A637 /* FeatureViewModelProtocol.swift in Sources */,
				BB46A3421D1E753F00B9A637 /* AuthViewModelProtocol.swift in Sources */,
				BBDCCD431D1E744900B39961 /* Coordinator.swift in Sources */,
				BB46A3441D1E755000B9A637 /* AuthViewModel.swift in Sources */,
			);
			runOnlyForDeploymentPostprocessing = 0;
		};
		01239D4A1D1E2FDE00FC0478 /* Sources */ = {
			isa = PBXSourcesBuildPhase;
			buildActionMask = 2147483647;
			files = (
				01239D531D1E2FDE00FC0478 /* CarEasyAppTests.swift in Sources */,
			);
			runOnlyForDeploymentPostprocessing = 0;
		};
		01239D551D1E2FDE00FC0478 /* Sources */ = {
			isa = PBXSourcesBuildPhase;
			buildActionMask = 2147483647;
			files = (
				01239D5E1D1E2FDE00FC0478 /* CarEasyAppUITests.swift in Sources */,
			);
			runOnlyForDeploymentPostprocessing = 0;
		};
/* End PBXSourcesBuildPhase section */

/* Begin PBXTargetDependency section */
		01239D501D1E2FDE00FC0478 /* PBXTargetDependency */ = {
			isa = PBXTargetDependency;
			target = 01239D391D1E2FDE00FC0478 /* CarEasyApp */;
			targetProxy = 01239D4F1D1E2FDE00FC0478 /* PBXContainerItemProxy */;
		};
		01239D5B1D1E2FDE00FC0478 /* PBXTargetDependency */ = {
			isa = PBXTargetDependency;
			target = 01239D391D1E2FDE00FC0478 /* CarEasyApp */;
			targetProxy = 01239D5A1D1E2FDE00FC0478 /* PBXContainerItemProxy */;
		};
/* End PBXTargetDependency section */

/* Begin PBXVariantGroup section */
		01239D411D1E2FDE00FC0478 /* Main.storyboard */ = {
			isa = PBXVariantGroup;
			children = (
				01239D421D1E2FDE00FC0478 /* Base */,
			);
			name = Main.storyboard;
			sourceTree = "<group>";
		};
		01239D461D1E2FDE00FC0478 /* LaunchScreen.storyboard */ = {
			isa = PBXVariantGroup;
			children = (
				01239D471D1E2FDE00FC0478 /* Base */,
			);
			name = LaunchScreen.storyboard;
			sourceTree = "<group>";
		};
/* End PBXVariantGroup section */

/* Begin XCBuildConfiguration section */
		01239D601D1E2FDE00FC0478 /* Debug */ = {
			isa = XCBuildConfiguration;
			buildSettings = {
				ALWAYS_SEARCH_USER_PATHS = NO;
				CLANG_ANALYZER_NONNULL = YES;
				CLANG_CXX_LANGUAGE_STANDARD = "gnu++0x";
				CLANG_CXX_LIBRARY = "libc++";
				CLANG_ENABLE_MODULES = YES;
				CLANG_ENABLE_OBJC_ARC = YES;
				CLANG_WARN_BOOL_CONVERSION = YES;
				CLANG_WARN_CONSTANT_CONVERSION = YES;
				CLANG_WARN_DIRECT_OBJC_ISA_USAGE = YES_ERROR;
				CLANG_WARN_EMPTY_BODY = YES;
				CLANG_WARN_ENUM_CONVERSION = YES;
				CLANG_WARN_INT_CONVERSION = YES;
				CLANG_WARN_OBJC_ROOT_CLASS = YES_ERROR;
				CLANG_WARN_UNREACHABLE_CODE = YES;
				CLANG_WARN__DUPLICATE_METHOD_MATCH = YES;
				"CODE_SIGN_IDENTITY[sdk=iphoneos*]" = "iPhone Developer";
				COPY_PHASE_STRIP = NO;
				DEBUG_INFORMATION_FORMAT = dwarf;
				ENABLE_STRICT_OBJC_MSGSEND = YES;
				ENABLE_TESTABILITY = YES;
				GCC_C_LANGUAGE_STANDARD = gnu99;
				GCC_DYNAMIC_NO_PIC = NO;
				GCC_NO_COMMON_BLOCKS = YES;
				GCC_OPTIMIZATION_LEVEL = 0;
				GCC_PREPROCESSOR_DEFINITIONS = (
					"DEBUG=1",
					"$(inherited)",
				);
				GCC_WARN_64_TO_32_BIT_CONVERSION = YES;
				GCC_WARN_ABOUT_RETURN_TYPE = YES_ERROR;
				GCC_WARN_UNDECLARED_SELECTOR = YES;
				GCC_WARN_UNINITIALIZED_AUTOS = YES_AGGRESSIVE;
				GCC_WARN_UNUSED_FUNCTION = YES;
				GCC_WARN_UNUSED_VARIABLE = YES;
				IPHONEOS_DEPLOYMENT_TARGET = 9.3;
				MTL_ENABLE_DEBUG_INFO = YES;
				ONLY_ACTIVE_ARCH = YES;
				SDKROOT = iphoneos;
				SWIFT_OPTIMIZATION_LEVEL = "-Onone";
			};
			name = Debug;
		};
		01239D611D1E2FDE00FC0478 /* Release */ = {
			isa = XCBuildConfiguration;
			buildSettings = {
				ALWAYS_SEARCH_USER_PATHS = NO;
				CLANG_ANALYZER_NONNULL = YES;
				CLANG_CXX_LANGUAGE_STANDARD = "gnu++0x";
				CLANG_CXX_LIBRARY = "libc++";
				CLANG_ENABLE_MODULES = YES;
				CLANG_ENABLE_OBJC_ARC = YES;
				CLANG_WARN_BOOL_CONVERSION = YES;
				CLANG_WARN_CONSTANT_CONVERSION = YES;
				CLANG_WARN_DIRECT_OBJC_ISA_USAGE = YES_ERROR;
				CLANG_WARN_EMPTY_BODY = YES;
				CLANG_WARN_ENUM_CONVERSION = YES;
				CLANG_WARN_INT_CONVERSION = YES;
				CLANG_WARN_OBJC_ROOT_CLASS = YES_ERROR;
				CLANG_WARN_UNREACHABLE_CODE = YES;
				CLANG_WARN__DUPLICATE_METHOD_MATCH = YES;
				"CODE_SIGN_IDENTITY[sdk=iphoneos*]" = "iPhone Developer";
				COPY_PHASE_STRIP = NO;
				DEBUG_INFORMATION_FORMAT = "dwarf-with-dsym";
				ENABLE_NS_ASSERTIONS = NO;
				ENABLE_STRICT_OBJC_MSGSEND = YES;
				GCC_C_LANGUAGE_STANDARD = gnu99;
				GCC_NO_COMMON_BLOCKS = YES;
				GCC_WARN_64_TO_32_BIT_CONVERSION = YES;
				GCC_WARN_ABOUT_RETURN_TYPE = YES_ERROR;
				GCC_WARN_UNDECLARED_SELECTOR = YES;
				GCC_WARN_UNINITIALIZED_AUTOS = YES_AGGRESSIVE;
				GCC_WARN_UNUSED_FUNCTION = YES;
				GCC_WARN_UNUSED_VARIABLE = YES;
				IPHONEOS_DEPLOYMENT_TARGET = 9.3;
				MTL_ENABLE_DEBUG_INFO = NO;
				SDKROOT = iphoneos;
				VALIDATE_PRODUCT = YES;
			};
			name = Release;
		};
		01239D631D1E2FDE00FC0478 /* Debug */ = {
			isa = XCBuildConfiguration;
			baseConfigurationReference = D3003E89A4AC8B4A87121A77 /* Pods-CarEasyApp.debug.xcconfig */;
			buildSettings = {
				ASSETCATALOG_COMPILER_APPICON_NAME = AppIcon;
				CODE_SIGN_IDENTITY = "iPhone Developer";
				"CODE_SIGN_IDENTITY[sdk=iphoneos*]" = "iPhone Developer";
				INFOPLIST_FILE = CarEasyApp/Info.plist;
				LD_RUNPATH_SEARCH_PATHS = "$(inherited) @executable_path/Frameworks";
				LIBRARY_SEARCH_PATHS = (
					"$(inherited)",
					"$(PROJECT_DIR)/CarEasyApp",
				);
				PRODUCT_BUNDLE_IDENTIFIER = None.CarEasyApp;
				PRODUCT_NAME = "$(TARGET_NAME)";
				PROVISIONING_PROFILE = "";
				SWIFT_OBJC_BRIDGING_HEADER = "CarEasyApp/Bridge-SDK.h";
			};
			name = Debug;
		};
		01239D641D1E2FDE00FC0478 /* Release */ = {
			isa = XCBuildConfiguration;
			baseConfigurationReference = E8C87A49492C005887FE9FE3 /* Pods-CarEasyApp.release.xcconfig */;
			buildSettings = {
				ASSETCATALOG_COMPILER_APPICON_NAME = AppIcon;
				CODE_SIGN_IDENTITY = "iPhone Developer";
				"CODE_SIGN_IDENTITY[sdk=iphoneos*]" = "iPhone Developer";
				INFOPLIST_FILE = CarEasyApp/Info.plist;
				LD_RUNPATH_SEARCH_PATHS = "$(inherited) @executable_path/Frameworks";
				LIBRARY_SEARCH_PATHS = (
					"$(inherited)",
					"$(PROJECT_DIR)/CarEasyApp",
				);
				PRODUCT_BUNDLE_IDENTIFIER = None.CarEasyApp;
				PRODUCT_NAME = "$(TARGET_NAME)";
				PROVISIONING_PROFILE = "";
				SWIFT_OBJC_BRIDGING_HEADER = "CarEasyApp/Bridge-SDK.h";
			};
			name = Release;
		};
		01239D661D1E2FDE00FC0478 /* Debug */ = {
			isa = XCBuildConfiguration;
			buildSettings = {
				BUNDLE_LOADER = "$(TEST_HOST)";
				INFOPLIST_FILE = CarEasyAppTests/Info.plist;
				LD_RUNPATH_SEARCH_PATHS = "$(inherited) @executable_path/Frameworks @loader_path/Frameworks";
				PRODUCT_BUNDLE_IDENTIFIER = None.CarEasyAppTests;
				PRODUCT_NAME = "$(TARGET_NAME)";
				TEST_HOST = "$(BUILT_PRODUCTS_DIR)/CarEasyApp.app/CarEasyApp";
			};
			name = Debug;
		};
		01239D671D1E2FDE00FC0478 /* Release */ = {
			isa = XCBuildConfiguration;
			buildSettings = {
				BUNDLE_LOADER = "$(TEST_HOST)";
				INFOPLIST_FILE = CarEasyAppTests/Info.plist;
				LD_RUNPATH_SEARCH_PATHS = "$(inherited) @executable_path/Frameworks @loader_path/Frameworks";
				PRODUCT_BUNDLE_IDENTIFIER = None.CarEasyAppTests;
				PRODUCT_NAME = "$(TARGET_NAME)";
				TEST_HOST = "$(BUILT_PRODUCTS_DIR)/CarEasyApp.app/CarEasyApp";
			};
			name = Release;
		};
		01239D691D1E2FDE00FC0478 /* Debug */ = {
			isa = XCBuildConfiguration;
			buildSettings = {
				INFOPLIST_FILE = CarEasyAppUITests/Info.plist;
				LD_RUNPATH_SEARCH_PATHS = "$(inherited) @executable_path/Frameworks @loader_path/Frameworks";
				PRODUCT_BUNDLE_IDENTIFIER = None.CarEasyAppUITests;
				PRODUCT_NAME = "$(TARGET_NAME)";
				TEST_TARGET_NAME = CarEasyApp;
			};
			name = Debug;
		};
		01239D6A1D1E2FDE00FC0478 /* Release */ = {
			isa = XCBuildConfiguration;
			buildSettings = {
				INFOPLIST_FILE = CarEasyAppUITests/Info.plist;
				LD_RUNPATH_SEARCH_PATHS = "$(inherited) @executable_path/Frameworks @loader_path/Frameworks";
				PRODUCT_BUNDLE_IDENTIFIER = None.CarEasyAppUITests;
				PRODUCT_NAME = "$(TARGET_NAME)";
				TEST_TARGET_NAME = CarEasyApp;
			};
			name = Release;
		};
/* End XCBuildConfiguration section */

/* Begin XCConfigurationList section */
		01239D351D1E2FDE00FC0478 /* Build configuration list for PBXProject "CarEasyApp" */ = {
			isa = XCConfigurationList;
			buildConfigurations = (
				01239D601D1E2FDE00FC0478 /* Debug */,
				01239D611D1E2FDE00FC0478 /* Release */,
			);
			defaultConfigurationIsVisible = 0;
			defaultConfigurationName = Release;
		};
		01239D621D1E2FDE00FC0478 /* Build configuration list for PBXNativeTarget "CarEasyApp" */ = {
			isa = XCConfigurationList;
			buildConfigurations = (
				01239D631D1E2FDE00FC0478 /* Debug */,
				01239D641D1E2FDE00FC0478 /* Release */,
			);
			defaultConfigurationIsVisible = 0;
			defaultConfigurationName = Release;
		};
		01239D651D1E2FDE00FC0478 /* Build configuration list for PBXNativeTarget "CarEasyAppTests" */ = {
			isa = XCConfigurationList;
			buildConfigurations = (
				01239D661D1E2FDE00FC0478 /* Debug */,
				01239D671D1E2FDE00FC0478 /* Release */,
			);
			defaultConfigurationIsVisible = 0;
			defaultConfigurationName = Release;
		};
		01239D681D1E2FDE00FC0478 /* Build configuration list for PBXNativeTarget "CarEasyAppUITests" */ = {
			isa = XCConfigurationList;
			buildConfigurations = (
				01239D691D1E2FDE00FC0478 /* Debug */,
				01239D6A1D1E2FDE00FC0478 /* Release */,
			);
			defaultConfigurationIsVisible = 0;
			defaultConfigurationName = Release;
		};
/* End XCConfigurationList section */
	};
	rootObject = 01239D321D1E2FDE00FC0478 /* Project object */;
}
